
Microsoft Visual Studio Solution File, Format Version 12.00
# Visual Studio Version 17
VisualStudioVersion = 17.0.31903.59
MinimumVisualStudioVersion = 10.0.40219.1
Project("{FAE04EC0-301F-11D3-BF4B-00C04F79EFBC}") = "Neillans.Adapters.Secrets.Core", "Neillans.Adapters.Secrets.Core\Neillans.Adapters.Secrets.Core.csproj", "{601EFA0F-753A-4C26-B0F1-40FF215D6364}"
EndProject
Project("{FAE04EC0-301F-11D3-BF4B-00C04F79EFBC}") = "Neillans.Adapters.Secrets.AzureKeyVault", "Neillans.Adapters.Secrets.AzureKeyVault\Neillans.Adapters.Secrets.AzureKeyVault.csproj", "{4DA52F87-ADF4-431B-91EA-05552ABFE483}"
EndProject
Project("{FAE04EC0-301F-11D3-BF4B-00C04F79EFBC}") = "Neillans.Adapters.Secrets.Infisical", "Neillans.Adapters.Secrets.Infisical\Neillans.Adapters.Secrets.Infisical.csproj", "{9B5F20A1-951A-4C6A-8DB7-047747985DF0}"
EndProject
Project("{FAE04EC0-301F-11D3-BF4B-00C04F79EFBC}") = "AzureKeyVaultExample", "Examples\AzureKeyVaultExample\AzureKeyVaultExample.csproj", "{5F8E8E21-5F5A-4A2D-9C5A-2D54A6C9B111}"
EndProject
Project("{FAE04EC0-301F-11D3-BF4B-00C04F79EFBC}") = "InfisicalExample", "Examples\InfisicalExample\InfisicalExample.csproj", "{E6D6E6C3-9A7B-46E0-AB5D-6F3A4F7F4444}"
EndProject
Project("{FAE04EC0-301F-11D3-BF4B-00C04F79EFBC}") = "Neillans.Adapters.Secrets.AzureKeyVault.Tests", "Neillans.Adapters.Secrets.AzureKeyVault.Tests\Neillans.Adapters.Secrets.AzureKeyVault.Tests.csproj", "{A7C3D9B2-9F44-4E7D-A2B0-1E5E9A8D5555}"
EndProject
Project("{FAE04EC0-301F-11D3-BF4B-00C04F79EFBC}") = "Neillans.Adapters.Secrets.Infisical.Tests", "Neillans.Adapters.Secrets.Infisical.Tests\Neillans.Adapters.Secrets.Infisical.Tests.csproj", "{C4E2B1A3-7D88-4E55-8F2E-3B6C7D6E6666}"
EndProject
Project("{FAE04EC0-301F-11D3-BF4B-00C04F79EFBC}") = "Neillans.Adapters.Secrets.BitWarden", "Neillans.Adapters.Secrets.BitWarden\Neillans.Adapters.Secrets.BitWarden.csproj", "{FB5F8190-4A66-4C39-8381-C79768347940}"
EndProject
Project("{FAE04EC0-301F-11D3-BF4B-00C04F79EFBC}") = "Neillans.Adapters.Secrets.BitWarden.Tests", "Neillans.Adapters.Secrets.BitWarden.Tests\Neillans.Adapters.Secrets.BitWarden.Tests.csproj", "{2BB5293E-5428-43BE-B1E1-E624DB1FC3F6}"
EndProject
Project("{2150E333-8FDC-42A3-9474-1A3956D46DE8}") = "Examples", "Examples", "{B36A84DF-456D-A817-6EDD-3EC3E7F6E11F}"
EndProject
Project("{FAE04EC0-301F-11D3-BF4B-00C04F79EFBC}") = "BitWardenExample", "Examples\BitWardenExample\BitWardenExample.csproj", "{F82452AF-1209-4946-AE2F-82CABE525548}"
EndProject
Global
	GlobalSection(SolutionConfigurationPlatforms) = preSolution
		Debug|Any CPU = Debug|Any CPU
		Debug|x64 = Debug|x64
		Debug|x86 = Debug|x86
		Release|Any CPU = Release|Any CPU
		Release|x64 = Release|x64
		Release|x86 = Release|x86
	EndGlobalSection
	GlobalSection(ProjectConfigurationPlatforms) = postSolution
		{601EFA0F-753A-4C26-B0F1-40FF215D6364}.Debug|Any CPU.ActiveCfg = Debug|Any CPU
		{601EFA0F-753A-4C26-B0F1-40FF215D6364}.Debug|Any CPU.Build.0 = Debug|Any CPU
		{601EFA0F-753A-4C26-B0F1-40FF215D6364}.Debug|x64.ActiveCfg = Debug|Any CPU
		{601EFA0F-753A-4C26-B0F1-40FF215D6364}.Debug|x64.Build.0 = Debug|Any CPU
		{601EFA0F-753A-4C26-B0F1-40FF215D6364}.Debug|x86.ActiveCfg = Debug|Any CPU
		{601EFA0F-753A-4C26-B0F1-40FF215D6364}.Debug|x86.Build.0 = Debug|Any CPU
		{601EFA0F-753A-4C26-B0F1-40FF215D6364}.Release|Any CPU.ActiveCfg = Release|Any CPU
		{601EFA0F-753A-4C26-B0F1-40FF215D6364}.Release|Any CPU.Build.0 = Release|Any CPU
		{601EFA0F-753A-4C26-B0F1-40FF215D6364}.Release|x64.ActiveCfg = Release|Any CPU
		{601EFA0F-753A-4C26-B0F1-40FF215D6364}.Release|x64.Build.0 = Release|Any CPU
		{601EFA0F-753A-4C26-B0F1-40FF215D6364}.Release|x86.ActiveCfg = Release|Any CPU
		{601EFA0F-753A-4C26-B0F1-40FF215D6364}.Release|x86.Build.0 = Release|Any CPU
		{4DA52F87-ADF4-431B-91EA-05552ABFE483}.Debug|Any CPU.ActiveCfg = Debug|Any CPU
		{4DA52F87-ADF4-431B-91EA-05552ABFE483}.Debug|Any CPU.Build.0 = Debug|Any CPU
		{4DA52F87-ADF4-431B-91EA-05552ABFE483}.Debug|x64.ActiveCfg = Debug|Any CPU
		{4DA52F87-ADF4-431B-91EA-05552ABFE483}.Debug|x64.Build.0 = Debug|Any CPU
		{4DA52F87-ADF4-431B-91EA-05552ABFE483}.Debug|x86.ActiveCfg = Debug|Any CPU
		{4DA52F87-ADF4-431B-91EA-05552ABFE483}.Debug|x86.Build.0 = Debug|Any CPU
		{4DA52F87-ADF4-431B-91EA-05552ABFE483}.Release|Any CPU.ActiveCfg = Release|Any CPU
		{4DA52F87-ADF4-431B-91EA-05552ABFE483}.Release|Any CPU.Build.0 = Release|Any CPU
		{4DA52F87-ADF4-431B-91EA-05552ABFE483}.Release|x64.ActiveCfg = Release|Any CPU
		{4DA52F87-ADF4-431B-91EA-05552ABFE483}.Release|x64.Build.0 = Release|Any CPU
		{4DA52F87-ADF4-431B-91EA-05552ABFE483}.Release|x86.ActiveCfg = Release|Any CPU
		{4DA52F87-ADF4-431B-91EA-05552ABFE483}.Release|x86.Build.0 = Release|Any CPU
		{9B5F20A1-951A-4C6A-8DB7-047747985DF0}.Debug|Any CPU.ActiveCfg = Debug|Any CPU
		{9B5F20A1-951A-4C6A-8DB7-047747985DF0}.Debug|Any CPU.Build.0 = Debug|Any CPU
		{9B5F20A1-951A-4C6A-8DB7-047747985DF0}.Debug|x64.ActiveCfg = Debug|Any CPU
		{9B5F20A1-951A-4C6A-8DB7-047747985DF0}.Debug|x64.Build.0 = Debug|Any CPU
		{9B5F20A1-951A-4C6A-8DB7-047747985DF0}.Debug|x86.ActiveCfg = Debug|Any CPU
		{9B5F20A1-951A-4C6A-8DB7-047747985DF0}.Debug|x86.Build.0 = Debug|Any CPU
		{9B5F20A1-951A-4C6A-8DB7-047747985DF0}.Release|Any CPU.ActiveCfg = Release|Any CPU
		{9B5F20A1-951A-4C6A-8DB7-047747985DF0}.Release|Any CPU.Build.0 = Release|Any CPU
		{9B5F20A1-951A-4C6A-8DB7-047747985DF0}.Release|x64.ActiveCfg = Release|Any CPU
		{9B5F20A1-951A-4C6A-8DB7-047747985DF0}.Release|x64.Build.0 = Release|Any CPU
		{9B5F20A1-951A-4C6A-8DB7-047747985DF0}.Release|x86.ActiveCfg = Release|Any CPU
		{9B5F20A1-951A-4C6A-8DB7-047747985DF0}.Release|x86.Build.0 = Release|Any CPU
		{5F8E8E21-5F5A-4A2D-9C5A-2D54A6C9B111}.Debug|Any CPU.ActiveCfg = Debug|Any CPU
		{5F8E8E21-5F5A-4A2D-9C5A-2D54A6C9B111}.Debug|Any CPU.Build.0 = Debug|Any CPU
		{5F8E8E21-5F5A-4A2D-9C5A-2D54A6C9B111}.Debug|x64.ActiveCfg = Debug|Any CPU
		{5F8E8E21-5F5A-4A2D-9C5A-2D54A6C9B111}.Debug|x64.Build.0 = Debug|Any CPU
		{5F8E8E21-5F5A-4A2D-9C5A-2D54A6C9B111}.Debug|x86.ActiveCfg = Debug|Any CPU
		{5F8E8E21-5F5A-4A2D-9C5A-2D54A6C9B111}.Debug|x86.Build.0 = Debug|Any CPU
		{5F8E8E21-5F5A-4A2D-9C5A-2D54A6C9B111}.Release|Any CPU.ActiveCfg = Release|Any CPU
		{5F8E8E21-5F5A-4A2D-9C5A-2D54A6C9B111}.Release|Any CPU.Build.0 = Release|Any CPU
		{5F8E8E21-5F5A-4A2D-9C5A-2D54A6C9B111}.Release|x64.ActiveCfg = Release|Any CPU
		{5F8E8E21-5F5A-4A2D-9C5A-2D54A6C9B111}.Release|x64.Build.0 = Release|Any CPU
		{5F8E8E21-5F5A-4A2D-9C5A-2D54A6C9B111}.Release|x86.ActiveCfg = Release|Any CPU
		{5F8E8E21-5F5A-4A2D-9C5A-2D54A6C9B111}.Release|x86.Build.0 = Release|Any CPU
		{E6D6E6C3-9A7B-46E0-AB5D-6F3A4F7F4444}.Debug|Any CPU.ActiveCfg = Debug|Any CPU
		{E6D6E6C3-9A7B-46E0-AB5D-6F3A4F7F4444}.Debug|Any CPU.Build.0 = Debug|Any CPU
		{E6D6E6C3-9A7B-46E0-AB5D-6F3A4F7F4444}.Debug|x64.ActiveCfg = Debug|Any CPU
		{E6D6E6C3-9A7B-46E0-AB5D-6F3A4F7F4444}.Debug|x64.Build.0 = Debug|Any CPU
		{E6D6E6C3-9A7B-46E0-AB5D-6F3A4F7F4444}.Debug|x86.ActiveCfg = Debug|Any CPU
		{E6D6E6C3-9A7B-46E0-AB5D-6F3A4F7F4444}.Debug|x86.Build.0 = Debug|Any CPU
		{E6D6E6C3-9A7B-46E0-AB5D-6F3A4F7F4444}.Release|Any CPU.ActiveCfg = Release|Any CPU
		{E6D6E6C3-9A7B-46E0-AB5D-6F3A4F7F4444}.Release|Any CPU.Build.0 = Release|Any CPU
		{E6D6E6C3-9A7B-46E0-AB5D-6F3A4F7F4444}.Release|x64.ActiveCfg = Release|Any CPU
		{E6D6E6C3-9A7B-46E0-AB5D-6F3A4F7F4444}.Release|x64.Build.0 = Release|Any CPU
		{E6D6E6C3-9A7B-46E0-AB5D-6F3A4F7F4444}.Release|x86.ActiveCfg = Release|Any CPU
		{E6D6E6C3-9A7B-46E0-AB5D-6F3A4F7F4444}.Release|x86.Build.0 = Release|Any CPU
		{A7C3D9B2-9F44-4E7D-A2B0-1E5E9A8D5555}.Debug|Any CPU.ActiveCfg = Debug|Any CPU
		{A7C3D9B2-9F44-4E7D-A2B0-1E5E9A8D5555}.Debug|Any CPU.Build.0 = Debug|Any CPU
		{A7C3D9B2-9F44-4E7D-A2B0-1E5E9A8D5555}.Debug|x64.ActiveCfg = Debug|Any CPU
		{A7C3D9B2-9F44-4E7D-A2B0-1E5E9A8D5555}.Debug|x64.Build.0 = Debug|Any CPU
		{A7C3D9B2-9F44-4E7D-A2B0-1E5E9A8D5555}.Debug|x86.ActiveCfg = Debug|Any CPU
		{A7C3D9B2-9F44-4E7D-A2B0-1E5E9A8D5555}.Debug|x86.Build.0 = Debug|Any CPU
		{A7C3D9B2-9F44-4E7D-A2B0-1E5E9A8D5555}.Release|Any CPU.ActiveCfg = Release|Any CPU
		{A7C3D9B2-9F44-4E7D-A2B0-1E5E9A8D5555}.Release|Any CPU.Build.0 = Release|Any CPU
		{A7C3D9B2-9F44-4E7D-A2B0-1E5E9A8D5555}.Release|x64.ActiveCfg = Release|Any CPU
		{A7C3D9B2-9F44-4E7D-A2B0-1E5E9A8D5555}.Release|x64.Build.0 = Release|Any CPU
		{A7C3D9B2-9F44-4E7D-A2B0-1E5E9A8D5555}.Release|x86.ActiveCfg = Release|Any CPU
		{A7C3D9B2-9F44-4E7D-A2B0-1E5E9A8D5555}.Release|x86.Build.0 = Release|Any CPU
		{C4E2B1A3-7D88-4E55-8F2E-3B6C7D6E6666}.Debug|Any CPU.ActiveCfg = Debug|Any CPU
		{C4E2B1A3-7D88-4E55-8F2E-3B6C7D6E6666}.Debug|Any CPU.Build.0 = Debug|Any CPU
		{C4E2B1A3-7D88-4E55-8F2E-3B6C7D6E6666}.Debug|x64.ActiveCfg = Debug|Any CPU
		{C4E2B1A3-7D88-4E55-8F2E-3B6C7D6E6666}.Debug|x64.Build.0 = Debug|Any CPU
		{C4E2B1A3-7D88-4E55-8F2E-3B6C7D6E6666}.Debug|x86.ActiveCfg = Debug|Any CPU
		{C4E2B1A3-7D88-4E55-8F2E-3B6C7D6E6666}.Debug|x86.Build.0 = Debug|Any CPU
		{C4E2B1A3-7D88-4E55-8F2E-3B6C7D6E6666}.Release|Any CPU.ActiveCfg = Release|Any CPU
		{C4E2B1A3-7D88-4E55-8F2E-3B6C7D6E6666}.Release|Any CPU.Build.0 = Release|Any CPU
		{C4E2B1A3-7D88-4E55-8F2E-3B6C7D6E6666}.Release|x64.ActiveCfg = Release|Any CPU
		{C4E2B1A3-7D88-4E55-8F2E-3B6C7D6E6666}.Release|x64.Build.0 = Release|Any CPU
		{C4E2B1A3-7D88-4E55-8F2E-3B6C7D6E6666}.Release|x86.ActiveCfg = Release|Any CPU
		{C4E2B1A3-7D88-4E55-8F2E-3B6C7D6E6666}.Release|x86.Build.0 = Release|Any CPU
		{FB5F8190-4A66-4C39-8381-C79768347940}.Debug|Any CPU.ActiveCfg = Debug|Any CPU
		{FB5F8190-4A66-4C39-8381-C79768347940}.Debug|Any CPU.Build.0 = Debug|Any CPU
		{FB5F8190-4A66-4C39-8381-C79768347940}.Debug|x64.ActiveCfg = Debug|Any CPU
		{FB5F8190-4A66-4C39-8381-C79768347940}.Debug|x64.Build.0 = Debug|Any CPU
		{FB5F8190-4A66-4C39-8381-C79768347940}.Debug|x86.ActiveCfg = Debug|Any CPU
		{FB5F8190-4A66-4C39-8381-C79768347940}.Debug|x86.Build.0 = Debug|Any CPU
		{FB5F8190-4A66-4C39-8381-C79768347940}.Release|Any CPU.ActiveCfg = Release|Any CPU
		{FB5F8190-4A66-4C39-8381-C79768347940}.Release|Any CPU.Build.0 = Release|Any CPU
		{FB5F8190-4A66-4C39-8381-C79768347940}.Release|x64.ActiveCfg = Release|Any CPU
		{FB5F8190-4A66-4C39-8381-C79768347940}.Release|x64.Build.0 = Release|Any CPU
		{FB5F8190-4A66-4C39-8381-C79768347940}.Release|x86.ActiveCfg = Release|Any CPU
		{FB5F8190-4A66-4C39-8381-C79768347940}.Release|x86.Build.0 = Release|Any CPU
		{2BB5293E-5428-43BE-B1E1-E624DB1FC3F6}.Debug|Any CPU.ActiveCfg = Debug|Any CPU
		{2BB5293E-5428-43BE-B1E1-E624DB1FC3F6}.Debug|Any CPU.Build.0 = Debug|Any CPU
		{2BB5293E-5428-43BE-B1E1-E624DB1FC3F6}.Debug|x64.ActiveCfg = Debug|Any CPU
		{2BB5293E-5428-43BE-B1E1-E624DB1FC3F6}.Debug|x64.Build.0 = Debug|Any CPU
		{2BB5293E-5428-43BE-B1E1-E624DB1FC3F6}.Debug|x86.ActiveCfg = Debug|Any CPU
		{2BB5293E-5428-43BE-B1E1-E624DB1FC3F6}.Debug|x86.Build.0 = Debug|Any CPU
		{2BB5293E-5428-43BE-B1E1-E624DB1FC3F6}.Release|Any CPU.ActiveCfg = Release|Any CPU
		{2BB5293E-5428-43BE-B1E1-E624DB1FC3F6}.Release|Any CPU.Build.0 = Release|Any CPU
		{2BB5293E-5428-43BE-B1E1-E624DB1FC3F6}.Release|x64.ActiveCfg = Release|Any CPU
		{2BB5293E-5428-43BE-B1E1-E624DB1FC3F6}.Release|x64.Build.0 = Release|Any CPU
		{2BB5293E-5428-43BE-B1E1-E624DB1FC3F6}.Release|x86.ActiveCfg = Release|Any CPU
		{2BB5293E-5428-43BE-B1E1-E624DB1FC3F6}.Release|x86.Build.0 = Release|Any CPU
		{F82452AF-1209-4946-AE2F-82CABE525548}.Debug|Any CPU.ActiveCfg = Debug|Any CPU
		{F82452AF-1209-4946-AE2F-82CABE525548}.Debug|Any CPU.Build.0 = Debug|Any CPU
		{F82452AF-1209-4946-AE2F-82CABE525548}.Debug|x64.ActiveCfg = Debug|Any CPU
		{F82452AF-1209-4946-AE2F-82CABE525548}.Debug|x64.Build.0 = Debug|Any CPU
		{F82452AF-1209-4946-AE2F-82CABE525548}.Debug|x86.ActiveCfg = Debug|Any CPU
		{F82452AF-1209-4946-AE2F-82CABE525548}.Debug|x86.Build.0 = Debug|Any CPU
		{F82452AF-1209-4946-AE2F-82CABE525548}.Release|Any CPU.ActiveCfg = Release|Any CPU
		{F82452AF-1209-4946-AE2F-82CABE525548}.Release|Any CPU.Build.0 = Release|Any CPU
		{F82452AF-1209-4946-AE2F-82CABE525548}.Release|x64.ActiveCfg = Release|Any CPU
		{F82452AF-1209-4946-AE2F-82CABE525548}.Release|x64.Build.0 = Release|Any CPU
		{F82452AF-1209-4946-AE2F-82CABE525548}.Release|x86.ActiveCfg = Release|Any CPU
		{F82452AF-1209-4946-AE2F-82CABE525548}.Release|x86.Build.0 = Release|Any CPU
	EndGlobalSection
	GlobalSection(SolutionProperties) = preSolution
		HideSolutionNode = FALSE
	EndGlobalSection
	GlobalSection(NestedProjects) = preSolution
		{F82452AF-1209-4946-AE2F-82CABE525548} = {B36A84DF-456D-A817-6EDD-3EC3E7F6E11F}
	EndGlobalSection
EndGlobal
