
Microsoft Visual Studio Solution File, Format Version 12.00
# Visual Studio Version 17
VisualStudioVersion = 17.0.31903.59
MinimumVisualStudioVersion = 10.0.40219.1
Project("{FAE04EC0-301F-11D3-BF4B-00C04F79EFBC}") = "Neillans.Adapters.Secrets.Core", "Neillans.Adapters.Secrets.Core\Neillans.Adapters.Secrets.Core.csproj", "{601EFA0F-753A-4C26-B0F1-40FF215D6364}"
EndProject
Project("{FAE04EC0-301F-11D3-BF4B-00C04F79EFBC}") = "Neillans.Adapters.Secrets.AzureKeyVault", "Neillans.Adapters.Secrets.AzureKeyVault\Neillans.Adapters.Secrets.AzureKeyVault.csproj", "{4DA52F87-ADF4-431B-91EA-05552ABFE483}"
EndProject
Project("{FAE04EC0-301F-11D3-BF4B-00C04F79EFBC}") = "Neillans.Adapters.Secrets.Infisical", "Neillans.Adapters.Secrets.Infisical\Neillans.Adapters.Secrets.Infisical.csproj", "{9B5F20A1-951A-4C6A-8DB7-047747985DF0}"
EndProject
Global
	GlobalSection(SolutionConfigurationPlatforms) = preSolution
		Debug|Any CPU = Debug|Any CPU
		Debug|x64 = Debug|x64
		Debug|x86 = Debug|x86
		Release|Any CPU = Release|Any CPU
		Release|x64 = Release|x64
		Release|x86 = Release|x86
	EndGlobalSection
	GlobalSection(ProjectConfigurationPlatforms) = postSolution
		{601EFA0F-753A-4C26-B0F1-40FF215D6364}.Debug|Any CPU.ActiveCfg = Debug|Any CPU
		{601EFA0F-753A-4C26-B0F1-40FF215D6364}.Debug|Any CPU.Build.0 = Debug|Any CPU
		{601EFA0F-753A-4C26-B0F1-40FF215D6364}.Debug|x64.ActiveCfg = Debug|Any CPU
		{601EFA0F-753A-4C26-B0F1-40FF215D6364}.Debug|x64.Build.0 = Debug|Any CPU
		{601EFA0F-753A-4C26-B0F1-40FF215D6364}.Debug|x86.ActiveCfg = Debug|Any CPU
		{601EFA0F-753A-4C26-B0F1-40FF215D6364}.Debug|x86.Build.0 = Debug|Any CPU
		{601EFA0F-753A-4C26-B0F1-40FF215D6364}.Release|Any CPU.ActiveCfg = Release|Any CPU
		{601EFA0F-753A-4C26-B0F1-40FF215D6364}.Release|Any CPU.Build.0 = Release|Any CPU
		{601EFA0F-753A-4C26-B0F1-40FF215D6364}.Release|x64.ActiveCfg = Release|Any CPU
		{601EFA0F-753A-4C26-B0F1-40FF215D6364}.Release|x64.Build.0 = Release|Any CPU
		{601EFA0F-753A-4C26-B0F1-40FF215D6364}.Release|x86.ActiveCfg = Release|Any CPU
		{601EFA0F-753A-4C26-B0F1-40FF215D6364}.Release|x86.Build.0 = Release|Any CPU
		{4DA52F87-ADF4-431B-91EA-05552ABFE483}.Debug|Any CPU.ActiveCfg = Debug|Any CPU
		{4DA52F87-ADF4-431B-91EA-05552ABFE483}.Debug|Any CPU.Build.0 = Debug|Any CPU
		{4DA52F87-ADF4-431B-91EA-05552ABFE483}.Debug|x64.ActiveCfg = Debug|Any CPU
		{4DA52F87-ADF4-431B-91EA-05552ABFE483}.Debug|x64.Build.0 = Debug|Any CPU
		{4DA52F87-ADF4-431B-91EA-05552ABFE483}.Debug|x86.ActiveCfg = Debug|Any CPU
		{4DA52F87-ADF4-431B-91EA-05552ABFE483}.Debug|x86.Build.0 = Debug|Any CPU
		{4DA52F87-ADF4-431B-91EA-05552ABFE483}.Release|Any CPU.ActiveCfg = Release|Any CPU
		{4DA52F87-ADF4-431B-91EA-05552ABFE483}.Release|Any CPU.Build.0 = Release|Any CPU
		{4DA52F87-ADF4-431B-91EA-05552ABFE483}.Release|x64.ActiveCfg = Release|Any CPU
		{4DA52F87-ADF4-431B-91EA-05552ABFE483}.Release|x64.Build.0 = Release|Any CPU
		{4DA52F87-ADF4-431B-91EA-05552ABFE483}.Release|x86.ActiveCfg = Release|Any CPU
		{4DA52F87-ADF4-431B-91EA-05552ABFE483}.Release|x86.Build.0 = Release|Any CPU
		{9B5F20A1-951A-4C6A-8DB7-047747985DF0}.Debug|Any CPU.ActiveCfg = Debug|Any CPU
		{9B5F20A1-951A-4C6A-8DB7-047747985DF0}.Debug|Any CPU.Build.0 = Debug|Any CPU
		{9B5F20A1-951A-4C6A-8DB7-047747985DF0}.Debug|x64.ActiveCfg = Debug|Any CPU
		{9B5F20A1-951A-4C6A-8DB7-047747985DF0}.Debug|x64.Build.0 = Debug|Any CPU
		{9B5F20A1-951A-4C6A-8DB7-047747985DF0}.Debug|x86.ActiveCfg = Debug|Any CPU
		{9B5F20A1-951A-4C6A-8DB7-047747985DF0}.Debug|x86.Build.0 = Debug|Any CPU
		{9B5F20A1-951A-4C6A-8DB7-047747985DF0}.Release|Any CPU.ActiveCfg = Release|Any CPU
		{9B5F20A1-951A-4C6A-8DB7-047747985DF0}.Release|Any CPU.Build.0 = Release|Any CPU
		{9B5F20A1-951A-4C6A-8DB7-047747985DF0}.Release|x64.ActiveCfg = Release|Any CPU
		{9B5F20A1-951A-4C6A-8DB7-047747985DF0}.Release|x64.Build.0 = Release|Any CPU
		{9B5F20A1-951A-4C6A-8DB7-047747985DF0}.Release|x86.ActiveCfg = Release|Any CPU
		{9B5F20A1-951A-4C6A-8DB7-047747985DF0}.Release|x86.Build.0 = Release|Any CPU
	EndGlobalSection
	GlobalSection(SolutionProperties) = preSolution
		HideSolutionNode = FALSE
	EndGlobalSection
EndGlobal
